
Microsoft Visual Studio Solution File, Format Version 12.00
# Visual Studio Version 17
VisualStudioVersion = 17.1.32228.430
MinimumVisualStudioVersion = 10.0.40219.1
Project("{FAE04EC0-301F-11D3-BF4B-00C04F79EFBC}") = "ColemanPeerToPeer", "ColemanPeerToPeer\ColemanPeerToPeer.csproj", "{8C32A8C4-4915-43F4-9211-5E2927462805}"
EndProject
Project("{FAE04EC0-301F-11D3-BF4B-00C04F79EFBC}") = "ColemanServerP2P", "ColemanServerP2P\ColemanServerP2P.csproj", "{B6E7C98A-C38A-4CDE-99B7-334E54FE231F}"
EndProject
Project("{FAE04EC0-301F-11D3-BF4B-00C04F79EFBC}") = "ClientTest", "ClientTest\ClientTest.csproj", "{F7D9BCB4-57FD-4D67-B155-6BF872FF6740}"
EndProject
Project("{FAE04EC0-301F-11D3-BF4B-00C04F79EFBC}") = "ServerTest", "ServerTest\ServerTest.csproj", "{6CF2F30A-21D7-49AF-974E-72BE5F71B5C7}"
EndProject
Project("{FAE04EC0-301F-11D3-BF4B-00C04F79EFBC}") = "delLater", "delLater\delLater.csproj", "{E9A240D3-C57C-4D9E-8796-C0B3B385EF6B}"
EndProject
Global
	GlobalSection(SolutionConfigurationPlatforms) = preSolution
		Debug|Any CPU = Debug|Any CPU
		Release|Any CPU = Release|Any CPU
	EndGlobalSection
	GlobalSection(ProjectConfigurationPlatforms) = postSolution
		{8C32A8C4-4915-43F4-9211-5E2927462805}.Debug|Any CPU.ActiveCfg = Debug|Any CPU
		{8C32A8C4-4915-43F4-9211-5E2927462805}.Debug|Any CPU.Build.0 = Debug|Any CPU
		{8C32A8C4-4915-43F4-9211-5E2927462805}.Release|Any CPU.ActiveCfg = Release|Any CPU
		{8C32A8C4-4915-43F4-9211-5E2927462805}.Release|Any CPU.Build.0 = Release|Any CPU
		{B6E7C98A-C38A-4CDE-99B7-334E54FE231F}.Debug|Any CPU.ActiveCfg = Debug|Any CPU
		{B6E7C98A-C38A-4CDE-99B7-334E54FE231F}.Debug|Any CPU.Build.0 = Debug|Any CPU
		{B6E7C98A-C38A-4CDE-99B7-334E54FE231F}.Release|Any CPU.ActiveCfg = Release|Any CPU
		{B6E7C98A-C38A-4CDE-99B7-334E54FE231F}.Release|Any CPU.Build.0 = Release|Any CPU
		{F7D9BCB4-57FD-4D67-B155-6BF872FF6740}.Debug|Any CPU.ActiveCfg = Debug|Any CPU
		{F7D9BCB4-57FD-4D67-B155-6BF872FF6740}.Debug|Any CPU.Build.0 = Debug|Any CPU
		{F7D9BCB4-57FD-4D67-B155-6BF872FF6740}.Release|Any CPU.ActiveCfg = Release|Any CPU
		{F7D9BCB4-57FD-4D67-B155-6BF872FF6740}.Release|Any CPU.Build.0 = Release|Any CPU
		{6CF2F30A-21D7-49AF-974E-72BE5F71B5C7}.Debug|Any CPU.ActiveCfg = Debug|Any CPU
		{6CF2F30A-21D7-49AF-974E-72BE5F71B5C7}.Debug|Any CPU.Build.0 = Debug|Any CPU
		{6CF2F30A-21D7-49AF-974E-72BE5F71B5C7}.Release|Any CPU.ActiveCfg = Release|Any CPU
		{6CF2F30A-21D7-49AF-974E-72BE5F71B5C7}.Release|Any CPU.Build.0 = Release|Any CPU
		{E9A240D3-C57C-4D9E-8796-C0B3B385EF6B}.Debug|Any CPU.ActiveCfg = Debug|Any CPU
		{E9A240D3-C57C-4D9E-8796-C0B3B385EF6B}.Debug|Any CPU.Build.0 = Debug|Any CPU
		{E9A240D3-C57C-4D9E-8796-C0B3B385EF6B}.Release|Any CPU.ActiveCfg = Release|Any CPU
		{E9A240D3-C57C-4D9E-8796-C0B3B385EF6B}.Release|Any CPU.Build.0 = Release|Any CPU
	EndGlobalSection
	GlobalSection(SolutionProperties) = preSolution
		HideSolutionNode = FALSE
	EndGlobalSection
	GlobalSection(ExtensibilityGlobals) = postSolution
		SolutionGuid = {3F2B0F07-CB85-4CD6-A674-6F265424A402}
	EndGlobalSection
EndGlobal
